// !$*UTF8*$!
{
	archiveVersion = 1;
	classes = {
	};
	objectVersion = 56;
	objects = {

/* Begin PBXBuildFile section */
		7710163B2A24EBEC008F2F27 /* EssentialAppUIAcceptanceTests.swift in Sources */ = {isa = PBXBuildFile; fileRef = 7710163A2A24EBEC008F2F27 /* EssentialAppUIAcceptanceTests.swift */; };
		772BE5582A1BEBDA00EEF1B7 /* AppDelegate.swift in Sources */ = {isa = PBXBuildFile; fileRef = 772BE5572A1BEBDA00EEF1B7 /* AppDelegate.swift */; };
		772BE55A2A1BEBDA00EEF1B7 /* SceneDelegate.swift in Sources */ = {isa = PBXBuildFile; fileRef = 772BE5592A1BEBDA00EEF1B7 /* SceneDelegate.swift */; };
		772BE55F2A1BEBDA00EEF1B7 /* Main.storyboard in Resources */ = {isa = PBXBuildFile; fileRef = 772BE55D2A1BEBDA00EEF1B7 /* Main.storyboard */; };
		772BE5612A1BEBDB00EEF1B7 /* Assets.xcassets in Resources */ = {isa = PBXBuildFile; fileRef = 772BE5602A1BEBDB00EEF1B7 /* Assets.xcassets */; };
		772BE5642A1BEBDB00EEF1B7 /* LaunchScreen.storyboard in Resources */ = {isa = PBXBuildFile; fileRef = 772BE5622A1BEBDB00EEF1B7 /* LaunchScreen.storyboard */; };
		772C9FE82A1E83CB00B714D2 /* FeedLoaderWithFallbackComposite.swift in Sources */ = {isa = PBXBuildFile; fileRef = 772C9FE72A1E83CB00B714D2 /* FeedLoaderWithFallbackComposite.swift */; };
		772CA02C2A1E8F7800B714D2 /* FeedImageDataLoaderWithFallbackCompositeTests.swift in Sources */ = {isa = PBXBuildFile; fileRef = 772CA02B2A1E8F7800B714D2 /* FeedImageDataLoaderWithFallbackCompositeTests.swift */; };
		772CA02F2A1E8FE900B714D2 /* FeedImageDataLoaderWithFallbackComposite.swift in Sources */ = {isa = PBXBuildFile; fileRef = 772CA02E2A1E8FE900B714D2 /* FeedImageDataLoaderWithFallbackComposite.swift */; };
		772CA0322A1EB6D700B714D2 /* SharedTestHelpers.swift in Sources */ = {isa = PBXBuildFile; fileRef = 772CA0312A1EB6D700B714D2 /* SharedTestHelpers.swift */; };
		772CA0342A1EC58900B714D2 /* FeedImageDataLoaderSpy.swift in Sources */ = {isa = PBXBuildFile; fileRef = 772CA0332A1EC58900B714D2 /* FeedImageDataLoaderSpy.swift */; };
		772CA03E2A216F5900B714D2 /* FeedLoaderCacheDecoratorTests.swift in Sources */ = {isa = PBXBuildFile; fileRef = 772CA03D2A216F5900B714D2 /* FeedLoaderCacheDecoratorTests.swift */; };
		772CA0402A21716700B714D2 /* FeedLoaderStub.swift in Sources */ = {isa = PBXBuildFile; fileRef = 772CA03F2A21716700B714D2 /* FeedLoaderStub.swift */; };
		772CA0422A21722100B714D2 /* XCTestCase+FeedLoader.swift in Sources */ = {isa = PBXBuildFile; fileRef = 772CA0412A21722100B714D2 /* XCTestCase+FeedLoader.swift */; };
		777E8BD92A218CAD00278897 /* FeedImageDataLoaderCacheDecoratorTests.swift in Sources */ = {isa = PBXBuildFile; fileRef = 777E8BD82A218CAD00278897 /* FeedImageDataLoaderCacheDecoratorTests.swift */; };
		777E8BDB2A21900800278897 /* XCTestCase+FeedImageDataLoader.swift in Sources */ = {isa = PBXBuildFile; fileRef = 777E8BDA2A21900800278897 /* XCTestCase+FeedImageDataLoader.swift */; };
		777E8BDD2A21998900278897 /* FeedImageDataLoaderCacheDecorator.swift in Sources */ = {isa = PBXBuildFile; fileRef = 777E8BDC2A21998900278897 /* FeedImageDataLoaderCacheDecorator.swift */; };
		77890BCF2A25A6BC0067DF36 /* DebuggingSceneDelegate.swift in Sources */ = {isa = PBXBuildFile; fileRef = 77890BCE2A25A6BC0067DF36 /* DebuggingSceneDelegate.swift */; };
		77A529492A1BEEC900672F74 /* EssentialFeed.framework in Frameworks */ = {isa = PBXBuildFile; fileRef = 77A529472A1BEEC900672F74 /* EssentialFeed.framework */; };
		77A5294A2A1BEEC900672F74 /* EssentialFeed.framework in Embed Frameworks */ = {isa = PBXBuildFile; fileRef = 77A529472A1BEEC900672F74 /* EssentialFeed.framework */; settings = {ATTRIBUTES = (CodeSignOnCopy, RemoveHeadersOnCopy, ); }; };
		77A8FE8A2A21898F00DE2FC2 /* FeedLoaderCacheDecorator.swift in Sources */ = {isa = PBXBuildFile; fileRef = 77A8FE892A21898F00DE2FC2 /* FeedLoaderCacheDecorator.swift */; };
		77AED09D2A1E483900AA4169 /* FeedLoaderWithFallbackCompositeTests.swift in Sources */ = {isa = PBXBuildFile; fileRef = 77AED09C2A1E483900AA4169 /* FeedLoaderWithFallbackCompositeTests.swift */; };
		77AED09F2A1E5D8C00AA4169 /* EssentialFeed.framework in Frameworks */ = {isa = PBXBuildFile; fileRef = 77AED09E2A1E5D8C00AA4169 /* EssentialFeed.framework */; };
		77AED0A32A1E66B100AA4169 /* XCTextCase+MemoryLeakTracking.swift in Sources */ = {isa = PBXBuildFile; fileRef = 77AED0A22A1E66B100AA4169 /* XCTextCase+MemoryLeakTracking.swift */; };
		77CEAB342A2550B700F9C975 /* EssentialFeediOS.framework in Frameworks */ = {isa = PBXBuildFile; fileRef = 77CEAB332A2550B700F9C975 /* EssentialFeediOS.framework */; };
		77CEAB352A2550B700F9C975 /* EssentialFeediOS.framework in Embed Frameworks */ = {isa = PBXBuildFile; fileRef = 77CEAB332A2550B700F9C975 /* EssentialFeediOS.framework */; settings = {ATTRIBUTES = (CodeSignOnCopy, RemoveHeadersOnCopy, ); }; };
		77FB19292A27C14B00F8BA78 /* SceneDelegateTests.swift in Sources */ = {isa = PBXBuildFile; fileRef = 77FB19282A27C14A00F8BA78 /* SceneDelegateTests.swift */; };
		77FB19312A27EBEE00F8BA78 /* FeedImageLoaderPresentationAdaptor.swift in Sources */ = {isa = PBXBuildFile; fileRef = 77FB19302A27EBEE00F8BA78 /* FeedImageLoaderPresentationAdaptor.swift */; };
		77FB19322A27EBEE00F8BA78 /* FeedUIComposer.swift in Sources */ = {isa = PBXBuildFile; fileRef = 77FB192D2A27EBEE00F8BA78 /* FeedUIComposer.swift */; };
		77FB19332A27EBEE00F8BA78 /* FeedViewAdaptor.swift in Sources */ = {isa = PBXBuildFile; fileRef = 77FB192E2A27EBEE00F8BA78 /* FeedViewAdaptor.swift */; };
		77FB19342A27EBEE00F8BA78 /* FeedLoaderPresentationAdaptor.swift in Sources */ = {isa = PBXBuildFile; fileRef = 77FB192F2A27EBEE00F8BA78 /* FeedLoaderPresentationAdaptor.swift */; };
		77FB19352A27ED4200F8BA78 /* MainQueueDispatchDecorator.swift in Sources */ = {isa = PBXBuildFile; fileRef = 77FB192A2A27EBED00F8BA78 /* MainQueueDispatchDecorator.swift */; };
		77FB19362A27ED4400F8BA78 /* WeakRefProxyInstance.swift in Sources */ = {isa = PBXBuildFile; fileRef = 77FB192B2A27EBED00F8BA78 /* WeakRefProxyInstance.swift */; };
		77FB193E2A27F0C200F8BA78 /* UIImage+TestHelpers.swift in Sources */ = {isa = PBXBuildFile; fileRef = 77FB19372A27F0C100F8BA78 /* UIImage+TestHelpers.swift */; };
		77FB193F2A27F0C200F8BA78 /* FeedImageCell+TestHelpers.swift in Sources */ = {isa = PBXBuildFile; fileRef = 77FB19392A27F0C200F8BA78 /* FeedImageCell+TestHelpers.swift */; };
		77FB19402A27F0C200F8BA78 /* UIButton+TestHelpers.swift in Sources */ = {isa = PBXBuildFile; fileRef = 77FB193C2A27F0C200F8BA78 /* UIButton+TestHelpers.swift */; };
		77FB19412A27F0C200F8BA78 /* UIControl+TestHelpers.swift in Sources */ = {isa = PBXBuildFile; fileRef = 77FB193B2A27F0C200F8BA78 /* UIControl+TestHelpers.swift */; };
		77FB19422A27F0C200F8BA78 /* FeedUIIntegrationTest+Localization.swift in Sources */ = {isa = PBXBuildFile; fileRef = 77FB193A2A27F0C200F8BA78 /* FeedUIIntegrationTest+Localization.swift */; };
		77FB19432A27F0C200F8BA78 /* FeedUIIntegrationTest+LoaderSpy.swift in Sources */ = {isa = PBXBuildFile; fileRef = 77FB193D2A27F0C200F8BA78 /* FeedUIIntegrationTest+LoaderSpy.swift */; };
		77FB19442A27F0C200F8BA78 /* FeedViewController+TestHelpers.swift in Sources */ = {isa = PBXBuildFile; fileRef = 77FB19382A27F0C100F8BA78 /* FeedViewController+TestHelpers.swift */; };
		77FB19462A27F11700F8BA78 /* FeedUIIntegrationTest.swift in Sources */ = {isa = PBXBuildFile; fileRef = 77FB19452A27F11700F8BA78 /* FeedUIIntegrationTest.swift */; };
		77FB194A2A27F5C200F8BA78 /* FeedAcceptanceTests.swift in Sources */ = {isa = PBXBuildFile; fileRef = 77FB19492A27F5C200F8BA78 /* FeedAcceptanceTests.swift */; };
/* End PBXBuildFile section */

/* Begin PBXContainerItemProxy section */
		7710163E2A24EBEC008F2F27 /* PBXContainerItemProxy */ = {
			isa = PBXContainerItemProxy;
			containerPortal = 772BE54C2A1BEBDA00EEF1B7 /* Project object */;
			proxyType = 1;
			remoteGlobalIDString = 772BE5532A1BEBDA00EEF1B7;
			remoteInfo = EssentialApp;
		};
		772C9FEC2A1E854E00B714D2 /* PBXContainerItemProxy */ = {
			isa = PBXContainerItemProxy;
			containerPortal = 772BE54C2A1BEBDA00EEF1B7 /* Project object */;
			proxyType = 1;
			remoteGlobalIDString = 772BE5532A1BEBDA00EEF1B7;
			remoteInfo = EssentialApp;
		};
/* End PBXContainerItemProxy section */

/* Begin PBXCopyFilesBuildPhase section */
		77A5294D2A1BEEC900672F74 /* Embed Frameworks */ = {
			isa = PBXCopyFilesBuildPhase;
			buildActionMask = 2147483647;
			dstPath = "";
			dstSubfolderSpec = 10;
			files = (
				77A5294A2A1BEEC900672F74 /* EssentialFeed.framework in Embed Frameworks */,
				77CEAB352A2550B700F9C975 /* EssentialFeediOS.framework in Embed Frameworks */,
			);
			name = "Embed Frameworks";
			runOnlyForDeploymentPostprocessing = 0;
		};
/* End PBXCopyFilesBuildPhase section */

/* Begin PBXFileReference section */
		771016382A24EBEB008F2F27 /* EssentialAppUIAcceptanceTests.xctest */ = {isa = PBXFileReference; explicitFileType = wrapper.cfbundle; includeInIndex = 0; path = EssentialAppUIAcceptanceTests.xctest; sourceTree = BUILT_PRODUCTS_DIR; };
		7710163A2A24EBEC008F2F27 /* EssentialAppUIAcceptanceTests.swift */ = {isa = PBXFileReference; lastKnownFileType = sourcecode.swift; path = EssentialAppUIAcceptanceTests.swift; sourceTree = "<group>"; };
		772BE5542A1BEBDA00EEF1B7 /* EssentialApp.app */ = {isa = PBXFileReference; explicitFileType = wrapper.application; includeInIndex = 0; path = EssentialApp.app; sourceTree = BUILT_PRODUCTS_DIR; };
		772BE5572A1BEBDA00EEF1B7 /* AppDelegate.swift */ = {isa = PBXFileReference; lastKnownFileType = sourcecode.swift; path = AppDelegate.swift; sourceTree = "<group>"; };
		772BE5592A1BEBDA00EEF1B7 /* SceneDelegate.swift */ = {isa = PBXFileReference; lastKnownFileType = sourcecode.swift; path = SceneDelegate.swift; sourceTree = "<group>"; };
		772BE55E2A1BEBDA00EEF1B7 /* Base */ = {isa = PBXFileReference; lastKnownFileType = file.storyboard; name = Base; path = Base.lproj/Main.storyboard; sourceTree = "<group>"; };
		772BE5602A1BEBDB00EEF1B7 /* Assets.xcassets */ = {isa = PBXFileReference; lastKnownFileType = folder.assetcatalog; path = Assets.xcassets; sourceTree = "<group>"; };
		772BE5632A1BEBDB00EEF1B7 /* Base */ = {isa = PBXFileReference; lastKnownFileType = file.storyboard; name = Base; path = Base.lproj/LaunchScreen.storyboard; sourceTree = "<group>"; };
		772BE5652A1BEBDB00EEF1B7 /* Info.plist */ = {isa = PBXFileReference; lastKnownFileType = text.plist.xml; path = Info.plist; sourceTree = "<group>"; };
		772C9FE72A1E83CB00B714D2 /* FeedLoaderWithFallbackComposite.swift */ = {isa = PBXFileReference; lastKnownFileType = sourcecode.swift; path = FeedLoaderWithFallbackComposite.swift; sourceTree = "<group>"; };
		772CA02B2A1E8F7800B714D2 /* FeedImageDataLoaderWithFallbackCompositeTests.swift */ = {isa = PBXFileReference; lastKnownFileType = sourcecode.swift; path = FeedImageDataLoaderWithFallbackCompositeTests.swift; sourceTree = "<group>"; };
		772CA02E2A1E8FE900B714D2 /* FeedImageDataLoaderWithFallbackComposite.swift */ = {isa = PBXFileReference; lastKnownFileType = sourcecode.swift; path = FeedImageDataLoaderWithFallbackComposite.swift; sourceTree = "<group>"; };
		772CA0312A1EB6D700B714D2 /* SharedTestHelpers.swift */ = {isa = PBXFileReference; lastKnownFileType = sourcecode.swift; path = SharedTestHelpers.swift; sourceTree = "<group>"; };
		772CA0332A1EC58900B714D2 /* FeedImageDataLoaderSpy.swift */ = {isa = PBXFileReference; lastKnownFileType = sourcecode.swift; path = FeedImageDataLoaderSpy.swift; sourceTree = "<group>"; };
		772CA0352A1EC80400B714D2 /* EssentialApp.xctestplan */ = {isa = PBXFileReference; lastKnownFileType = text; path = EssentialApp.xctestplan; sourceTree = SOURCE_ROOT; };
		772CA03D2A216F5900B714D2 /* FeedLoaderCacheDecoratorTests.swift */ = {isa = PBXFileReference; lastKnownFileType = sourcecode.swift; path = FeedLoaderCacheDecoratorTests.swift; sourceTree = "<group>"; };
		772CA03F2A21716700B714D2 /* FeedLoaderStub.swift */ = {isa = PBXFileReference; lastKnownFileType = sourcecode.swift; path = FeedLoaderStub.swift; sourceTree = "<group>"; };
		772CA0412A21722100B714D2 /* XCTestCase+FeedLoader.swift */ = {isa = PBXFileReference; lastKnownFileType = sourcecode.swift; path = "XCTestCase+FeedLoader.swift"; sourceTree = "<group>"; };
		777E8BD82A218CAD00278897 /* FeedImageDataLoaderCacheDecoratorTests.swift */ = {isa = PBXFileReference; lastKnownFileType = sourcecode.swift; path = FeedImageDataLoaderCacheDecoratorTests.swift; sourceTree = "<group>"; };
		777E8BDA2A21900800278897 /* XCTestCase+FeedImageDataLoader.swift */ = {isa = PBXFileReference; lastKnownFileType = sourcecode.swift; path = "XCTestCase+FeedImageDataLoader.swift"; sourceTree = "<group>"; };
		777E8BDC2A21998900278897 /* FeedImageDataLoaderCacheDecorator.swift */ = {isa = PBXFileReference; lastKnownFileType = sourcecode.swift; path = FeedImageDataLoaderCacheDecorator.swift; sourceTree = "<group>"; };
		77890BCE2A25A6BC0067DF36 /* DebuggingSceneDelegate.swift */ = {isa = PBXFileReference; lastKnownFileType = sourcecode.swift; path = DebuggingSceneDelegate.swift; sourceTree = "<group>"; };
		77890BD02A25CD8E0067DF36 /* EssentialAppUIAcceptanceTests.xctestplan */ = {isa = PBXFileReference; lastKnownFileType = text; name = EssentialAppUIAcceptanceTests.xctestplan; path = EssentialAppUIAcceptanceTests/EssentialAppUIAcceptanceTests.xctestplan; sourceTree = SOURCE_ROOT; };
		77A529472A1BEEC900672F74 /* EssentialFeed.framework */ = {isa = PBXFileReference; explicitFileType = wrapper.framework; path = EssentialFeed.framework; sourceTree = BUILT_PRODUCTS_DIR; };
		77A529482A1BEEC900672F74 /* EssentialFeediOS.framework */ = {isa = PBXFileReference; explicitFileType = wrapper.framework; path = EssentialFeediOS.framework; sourceTree = BUILT_PRODUCTS_DIR; };
		77A8FE892A21898F00DE2FC2 /* FeedLoaderCacheDecorator.swift */ = {isa = PBXFileReference; lastKnownFileType = sourcecode.swift; path = FeedLoaderCacheDecorator.swift; sourceTree = "<group>"; };
		77AED0952A1E47D600AA4169 /* EssentialAppTests.xctest */ = {isa = PBXFileReference; explicitFileType = wrapper.cfbundle; includeInIndex = 0; path = EssentialAppTests.xctest; sourceTree = BUILT_PRODUCTS_DIR; };
		77AED09C2A1E483900AA4169 /* FeedLoaderWithFallbackCompositeTests.swift */ = {isa = PBXFileReference; lastKnownFileType = sourcecode.swift; path = FeedLoaderWithFallbackCompositeTests.swift; sourceTree = "<group>"; };
		77AED09E2A1E5D8C00AA4169 /* EssentialFeed.framework */ = {isa = PBXFileReference; explicitFileType = wrapper.framework; path = EssentialFeed.framework; sourceTree = BUILT_PRODUCTS_DIR; };
		77AED0A22A1E66B100AA4169 /* XCTextCase+MemoryLeakTracking.swift */ = {isa = PBXFileReference; lastKnownFileType = sourcecode.swift; path = "XCTextCase+MemoryLeakTracking.swift"; sourceTree = "<group>"; };
		77CEAB302A25502300F9C975 /* EssentialFeediOS.framework */ = {isa = PBXFileReference; explicitFileType = wrapper.framework; path = EssentialFeediOS.framework; sourceTree = BUILT_PRODUCTS_DIR; };
		77CEAB332A2550B700F9C975 /* EssentialFeediOS.framework */ = {isa = PBXFileReference; explicitFileType = wrapper.framework; path = EssentialFeediOS.framework; sourceTree = BUILT_PRODUCTS_DIR; };
		77FB19282A27C14A00F8BA78 /* SceneDelegateTests.swift */ = {isa = PBXFileReference; lastKnownFileType = sourcecode.swift; path = SceneDelegateTests.swift; sourceTree = "<group>"; };
		77FB192A2A27EBED00F8BA78 /* MainQueueDispatchDecorator.swift */ = {isa = PBXFileReference; lastKnownFileType = sourcecode.swift; path = MainQueueDispatchDecorator.swift; sourceTree = "<group>"; };
		77FB192B2A27EBED00F8BA78 /* WeakRefProxyInstance.swift */ = {isa = PBXFileReference; lastKnownFileType = sourcecode.swift; path = WeakRefProxyInstance.swift; sourceTree = "<group>"; };
		77FB192D2A27EBEE00F8BA78 /* FeedUIComposer.swift */ = {isa = PBXFileReference; lastKnownFileType = sourcecode.swift; path = FeedUIComposer.swift; sourceTree = "<group>"; };
		77FB192E2A27EBEE00F8BA78 /* FeedViewAdaptor.swift */ = {isa = PBXFileReference; lastKnownFileType = sourcecode.swift; path = FeedViewAdaptor.swift; sourceTree = "<group>"; };
		77FB192F2A27EBEE00F8BA78 /* FeedLoaderPresentationAdaptor.swift */ = {isa = PBXFileReference; lastKnownFileType = sourcecode.swift; path = FeedLoaderPresentationAdaptor.swift; sourceTree = "<group>"; };
		77FB19302A27EBEE00F8BA78 /* FeedImageLoaderPresentationAdaptor.swift */ = {isa = PBXFileReference; lastKnownFileType = sourcecode.swift; path = FeedImageLoaderPresentationAdaptor.swift; sourceTree = "<group>"; };
		77FB19372A27F0C100F8BA78 /* UIImage+TestHelpers.swift */ = {isa = PBXFileReference; lastKnownFileType = sourcecode.swift; path = "UIImage+TestHelpers.swift"; sourceTree = "<group>"; };
		77FB19382A27F0C100F8BA78 /* FeedViewController+TestHelpers.swift */ = {isa = PBXFileReference; lastKnownFileType = sourcecode.swift; path = "FeedViewController+TestHelpers.swift"; sourceTree = "<group>"; };
		77FB19392A27F0C200F8BA78 /* FeedImageCell+TestHelpers.swift */ = {isa = PBXFileReference; lastKnownFileType = sourcecode.swift; path = "FeedImageCell+TestHelpers.swift"; sourceTree = "<group>"; };
		77FB193A2A27F0C200F8BA78 /* FeedUIIntegrationTest+Localization.swift */ = {isa = PBXFileReference; lastKnownFileType = sourcecode.swift; path = "FeedUIIntegrationTest+Localization.swift"; sourceTree = "<group>"; };
		77FB193B2A27F0C200F8BA78 /* UIControl+TestHelpers.swift */ = {isa = PBXFileReference; lastKnownFileType = sourcecode.swift; path = "UIControl+TestHelpers.swift"; sourceTree = "<group>"; };
		77FB193C2A27F0C200F8BA78 /* UIButton+TestHelpers.swift */ = {isa = PBXFileReference; lastKnownFileType = sourcecode.swift; path = "UIButton+TestHelpers.swift"; sourceTree = "<group>"; };
		77FB193D2A27F0C200F8BA78 /* FeedUIIntegrationTest+LoaderSpy.swift */ = {isa = PBXFileReference; lastKnownFileType = sourcecode.swift; path = "FeedUIIntegrationTest+LoaderSpy.swift"; sourceTree = "<group>"; };
		77FB19452A27F11700F8BA78 /* FeedUIIntegrationTest.swift */ = {isa = PBXFileReference; lastKnownFileType = sourcecode.swift; path = FeedUIIntegrationTest.swift; sourceTree = "<group>"; };
		77FB19492A27F5C200F8BA78 /* FeedAcceptanceTests.swift */ = {isa = PBXFileReference; lastKnownFileType = sourcecode.swift; path = FeedAcceptanceTests.swift; sourceTree = "<group>"; };
/* End PBXFileReference section */

/* Begin PBXFrameworksBuildPhase section */
		771016352A24EBEB008F2F27 /* Frameworks */ = {
			isa = PBXFrameworksBuildPhase;
			buildActionMask = 2147483647;
			files = (
			);
			runOnlyForDeploymentPostprocessing = 0;
		};
		772BE5512A1BEBDA00EEF1B7 /* Frameworks */ = {
			isa = PBXFrameworksBuildPhase;
			buildActionMask = 2147483647;
			files = (
				77A529492A1BEEC900672F74 /* EssentialFeed.framework in Frameworks */,
				77CEAB342A2550B700F9C975 /* EssentialFeediOS.framework in Frameworks */,
			);
			runOnlyForDeploymentPostprocessing = 0;
		};
		77AED0922A1E47D600AA4169 /* Frameworks */ = {
			isa = PBXFrameworksBuildPhase;
			buildActionMask = 2147483647;
			files = (
				77AED09F2A1E5D8C00AA4169 /* EssentialFeed.framework in Frameworks */,
			);
			runOnlyForDeploymentPostprocessing = 0;
		};
/* End PBXFrameworksBuildPhase section */

/* Begin PBXGroup section */
		771016392A24EBEC008F2F27 /* EssentialAppUIAcceptanceTests */ = {
			isa = PBXGroup;
			children = (
				7710163A2A24EBEC008F2F27 /* EssentialAppUIAcceptanceTests.swift */,
				77890BD02A25CD8E0067DF36 /* EssentialAppUIAcceptanceTests.xctestplan */,
			);
			path = EssentialAppUIAcceptanceTests;
			sourceTree = "<group>";
		};
		772BE54B2A1BEBDA00EEF1B7 = {
			isa = PBXGroup;
			children = (
				772BE5562A1BEBDA00EEF1B7 /* EssentialApp */,
				77AED0962A1E47D600AA4169 /* EssentialAppTests */,
				771016392A24EBEC008F2F27 /* EssentialAppUIAcceptanceTests */,
				772BE5552A1BEBDA00EEF1B7 /* Products */,
				77A529462A1BEEC900672F74 /* Frameworks */,
			);
			sourceTree = "<group>";
		};
		772BE5552A1BEBDA00EEF1B7 /* Products */ = {
			isa = PBXGroup;
			children = (
				772BE5542A1BEBDA00EEF1B7 /* EssentialApp.app */,
				77AED0952A1E47D600AA4169 /* EssentialAppTests.xctest */,
				771016382A24EBEB008F2F27 /* EssentialAppUIAcceptanceTests.xctest */,
			);
			name = Products;
			sourceTree = "<group>";
		};
		772BE5562A1BEBDA00EEF1B7 /* EssentialApp */ = {
			isa = PBXGroup;
			children = (
				77FB192C2A27EBED00F8BA78 /* Helpers */,
				77FB192D2A27EBEE00F8BA78 /* FeedUIComposer.swift */,
				77FB192E2A27EBEE00F8BA78 /* FeedViewAdaptor.swift */,
				77FB192F2A27EBEE00F8BA78 /* FeedLoaderPresentationAdaptor.swift */,
				77FB19302A27EBEE00F8BA78 /* FeedImageLoaderPresentationAdaptor.swift */,
				77A8FE892A21898F00DE2FC2 /* FeedLoaderCacheDecorator.swift */,
				777E8BDC2A21998900278897 /* FeedImageDataLoaderCacheDecorator.swift */,
				772C9FE72A1E83CB00B714D2 /* FeedLoaderWithFallbackComposite.swift */,
				772CA02E2A1E8FE900B714D2 /* FeedImageDataLoaderWithFallbackComposite.swift */,
				77890BCE2A25A6BC0067DF36 /* DebuggingSceneDelegate.swift */,
				772BE5572A1BEBDA00EEF1B7 /* AppDelegate.swift */,
				772BE5592A1BEBDA00EEF1B7 /* SceneDelegate.swift */,
				772BE55D2A1BEBDA00EEF1B7 /* Main.storyboard */,
				772BE5602A1BEBDB00EEF1B7 /* Assets.xcassets */,
				772BE5622A1BEBDB00EEF1B7 /* LaunchScreen.storyboard */,
				772BE5652A1BEBDB00EEF1B7 /* Info.plist */,
				772CA0352A1EC80400B714D2 /* EssentialApp.xctestplan */,
			);
			path = EssentialApp;
			sourceTree = "<group>";
		};
		77A529462A1BEEC900672F74 /* Frameworks */ = {
			isa = PBXGroup;
			children = (
				77CEAB332A2550B700F9C975 /* EssentialFeediOS.framework */,
				77CEAB302A25502300F9C975 /* EssentialFeediOS.framework */,
				77AED09E2A1E5D8C00AA4169 /* EssentialFeed.framework */,
				77A529472A1BEEC900672F74 /* EssentialFeed.framework */,
				77A529482A1BEEC900672F74 /* EssentialFeediOS.framework */,
			);
			name = Frameworks;
			sourceTree = "<group>";
		};
		77AED0962A1E47D600AA4169 /* EssentialAppTests */ = {
			isa = PBXGroup;
			children = (
				77AED0A12A1E669100AA4169 /* Helper */,
				77FB19452A27F11700F8BA78 /* FeedUIIntegrationTest.swift */,
				772CA03D2A216F5900B714D2 /* FeedLoaderCacheDecoratorTests.swift */,
				77AED09C2A1E483900AA4169 /* FeedLoaderWithFallbackCompositeTests.swift */,
				772CA02B2A1E8F7800B714D2 /* FeedImageDataLoaderWithFallbackCompositeTests.swift */,
				777E8BD82A218CAD00278897 /* FeedImageDataLoaderCacheDecoratorTests.swift */,
				77FB19282A27C14A00F8BA78 /* SceneDelegateTests.swift */,
				77FB19492A27F5C200F8BA78 /* FeedAcceptanceTests.swift */,
			);
			path = EssentialAppTests;
			sourceTree = "<group>";
		};
		77AED0A12A1E669100AA4169 /* Helper */ = {
			isa = PBXGroup;
			children = (
				77FB19382A27F0C100F8BA78 /* FeedViewController+TestHelpers.swift */,
				77FB19392A27F0C200F8BA78 /* FeedImageCell+TestHelpers.swift */,
				77FB193A2A27F0C200F8BA78 /* FeedUIIntegrationTest+Localization.swift */,
				77FB193D2A27F0C200F8BA78 /* FeedUIIntegrationTest+LoaderSpy.swift */,
				77FB193C2A27F0C200F8BA78 /* UIButton+TestHelpers.swift */,
				77FB193B2A27F0C200F8BA78 /* UIControl+TestHelpers.swift */,
				77FB19372A27F0C100F8BA78 /* UIImage+TestHelpers.swift */,
				77AED0A22A1E66B100AA4169 /* XCTextCase+MemoryLeakTracking.swift */,
				772CA0412A21722100B714D2 /* XCTestCase+FeedLoader.swift */,
				777E8BDA2A21900800278897 /* XCTestCase+FeedImageDataLoader.swift */,
				772CA0332A1EC58900B714D2 /* FeedImageDataLoaderSpy.swift */,
				772CA03F2A21716700B714D2 /* FeedLoaderStub.swift */,
				772CA0312A1EB6D700B714D2 /* SharedTestHelpers.swift */,
			);
			path = Helper;
			sourceTree = "<group>";
		};
		77FB192C2A27EBED00F8BA78 /* Helpers */ = {
			isa = PBXGroup;
			children = (
				77FB192A2A27EBED00F8BA78 /* MainQueueDispatchDecorator.swift */,
				77FB192B2A27EBED00F8BA78 /* WeakRefProxyInstance.swift */,
			);
			path = Helpers;
			sourceTree = "<group>";
		};
/* End PBXGroup section */

/* Begin PBXNativeTarget section */
		771016372A24EBEB008F2F27 /* EssentialAppUIAcceptanceTests */ = {
			isa = PBXNativeTarget;
			buildConfigurationList = 771016402A24EBEC008F2F27 /* Build configuration list for PBXNativeTarget "EssentialAppUIAcceptanceTests" */;
			buildPhases = (
				771016342A24EBEB008F2F27 /* Sources */,
				771016352A24EBEB008F2F27 /* Frameworks */,
				771016362A24EBEB008F2F27 /* Resources */,
			);
			buildRules = (
			);
			dependencies = (
				7710163F2A24EBEC008F2F27 /* PBXTargetDependency */,
			);
			name = EssentialAppUIAcceptanceTests;
			productName = EssentialAppUIAcceptanceTests;
			productReference = 771016382A24EBEB008F2F27 /* EssentialAppUIAcceptanceTests.xctest */;
			productType = "com.apple.product-type.bundle.ui-testing";
		};
		772BE5532A1BEBDA00EEF1B7 /* EssentialApp */ = {
			isa = PBXNativeTarget;
			buildConfigurationList = 772BE5682A1BEBDB00EEF1B7 /* Build configuration list for PBXNativeTarget "EssentialApp" */;
			buildPhases = (
				772BE5502A1BEBDA00EEF1B7 /* Sources */,
				772BE5512A1BEBDA00EEF1B7 /* Frameworks */,
				772BE5522A1BEBDA00EEF1B7 /* Resources */,
				77A5294D2A1BEEC900672F74 /* Embed Frameworks */,
			);
			buildRules = (
			);
			dependencies = (
			);
			name = EssentialApp;
			productName = EssentialApp;
			productReference = 772BE5542A1BEBDA00EEF1B7 /* EssentialApp.app */;
			productType = "com.apple.product-type.application";
		};
		77AED0942A1E47D600AA4169 /* EssentialAppTests */ = {
			isa = PBXNativeTarget;
			buildConfigurationList = 77AED09B2A1E47D600AA4169 /* Build configuration list for PBXNativeTarget "EssentialAppTests" */;
			buildPhases = (
				77AED0912A1E47D600AA4169 /* Sources */,
				77AED0922A1E47D600AA4169 /* Frameworks */,
				77AED0932A1E47D600AA4169 /* Resources */,
			);
			buildRules = (
			);
			dependencies = (
				772C9FED2A1E854E00B714D2 /* PBXTargetDependency */,
			);
			name = EssentialAppTests;
			productName = EssentialAppTests;
			productReference = 77AED0952A1E47D600AA4169 /* EssentialAppTests.xctest */;
			productType = "com.apple.product-type.bundle.unit-test";
		};
/* End PBXNativeTarget section */

/* Begin PBXProject section */
		772BE54C2A1BEBDA00EEF1B7 /* Project object */ = {
			isa = PBXProject;
			attributes = {
				BuildIndependentTargetsInParallel = 1;
				LastSwiftUpdateCheck = 1430;
				LastUpgradeCheck = 1430;
				TargetAttributes = {
					771016372A24EBEB008F2F27 = {
						CreatedOnToolsVersion = 14.3;
						TestTargetID = 772BE5532A1BEBDA00EEF1B7;
					};
					772BE5532A1BEBDA00EEF1B7 = {
						CreatedOnToolsVersion = 14.3;
					};
					77AED0942A1E47D600AA4169 = {
						CreatedOnToolsVersion = 14.3;
						TestTargetID = 772BE5532A1BEBDA00EEF1B7;
					};
				};
			};
			buildConfigurationList = 772BE54F2A1BEBDA00EEF1B7 /* Build configuration list for PBXProject "EssentialApp" */;
			compatibilityVersion = "Xcode 14.0";
			developmentRegion = en;
			hasScannedForEncodings = 0;
			knownRegions = (
				en,
				Base,
			);
			mainGroup = 772BE54B2A1BEBDA00EEF1B7;
			productRefGroup = 772BE5552A1BEBDA00EEF1B7 /* Products */;
			projectDirPath = "";
			projectRoot = "";
			targets = (
				772BE5532A1BEBDA00EEF1B7 /* EssentialApp */,
				77AED0942A1E47D600AA4169 /* EssentialAppTests */,
				771016372A24EBEB008F2F27 /* EssentialAppUIAcceptanceTests */,
			);
		};
/* End PBXProject section */

/* Begin PBXResourcesBuildPhase section */
		771016362A24EBEB008F2F27 /* Resources */ = {
			isa = PBXResourcesBuildPhase;
			buildActionMask = 2147483647;
			files = (
			);
			runOnlyForDeploymentPostprocessing = 0;
		};
		772BE5522A1BEBDA00EEF1B7 /* Resources */ = {
			isa = PBXResourcesBuildPhase;
			buildActionMask = 2147483647;
			files = (
				772BE5642A1BEBDB00EEF1B7 /* LaunchScreen.storyboard in Resources */,
				772BE5612A1BEBDB00EEF1B7 /* Assets.xcassets in Resources */,
				772BE55F2A1BEBDA00EEF1B7 /* Main.storyboard in Resources */,
			);
			runOnlyForDeploymentPostprocessing = 0;
		};
		77AED0932A1E47D600AA4169 /* Resources */ = {
			isa = PBXResourcesBuildPhase;
			buildActionMask = 2147483647;
			files = (
			);
			runOnlyForDeploymentPostprocessing = 0;
		};
/* End PBXResourcesBuildPhase section */

/* Begin PBXSourcesBuildPhase section */
		771016342A24EBEB008F2F27 /* Sources */ = {
			isa = PBXSourcesBuildPhase;
			buildActionMask = 2147483647;
			files = (
				7710163B2A24EBEC008F2F27 /* EssentialAppUIAcceptanceTests.swift in Sources */,
			);
			runOnlyForDeploymentPostprocessing = 0;
		};
		772BE5502A1BEBDA00EEF1B7 /* Sources */ = {
			isa = PBXSourcesBuildPhase;
			buildActionMask = 2147483647;
			files = (
				77FB19312A27EBEE00F8BA78 /* FeedImageLoaderPresentationAdaptor.swift in Sources */,
				77FB19322A27EBEE00F8BA78 /* FeedUIComposer.swift in Sources */,
				77FB19332A27EBEE00F8BA78 /* FeedViewAdaptor.swift in Sources */,
				772BE5582A1BEBDA00EEF1B7 /* AppDelegate.swift in Sources */,
				77FB19352A27ED4200F8BA78 /* MainQueueDispatchDecorator.swift in Sources */,
				77FB19342A27EBEE00F8BA78 /* FeedLoaderPresentationAdaptor.swift in Sources */,
				772C9FE82A1E83CB00B714D2 /* FeedLoaderWithFallbackComposite.swift in Sources */,
				77FB19362A27ED4400F8BA78 /* WeakRefProxyInstance.swift in Sources */,
				77A8FE8A2A21898F00DE2FC2 /* FeedLoaderCacheDecorator.swift in Sources */,
				77890BCF2A25A6BC0067DF36 /* DebuggingSceneDelegate.swift in Sources */,
				772BE55A2A1BEBDA00EEF1B7 /* SceneDelegate.swift in Sources */,
				772CA02F2A1E8FE900B714D2 /* FeedImageDataLoaderWithFallbackComposite.swift in Sources */,
				777E8BDD2A21998900278897 /* FeedImageDataLoaderCacheDecorator.swift in Sources */,
			);
			runOnlyForDeploymentPostprocessing = 0;
		};
		77AED0912A1E47D600AA4169 /* Sources */ = {
			isa = PBXSourcesBuildPhase;
			buildActionMask = 2147483647;
			files = (
				77FB19432A27F0C200F8BA78 /* FeedUIIntegrationTest+LoaderSpy.swift in Sources */,
				772CA0322A1EB6D700B714D2 /* SharedTestHelpers.swift in Sources */,
				77FB194A2A27F5C200F8BA78 /* FeedAcceptanceTests.swift in Sources */,
				77AED0A32A1E66B100AA4169 /* XCTextCase+MemoryLeakTracking.swift in Sources */,
				772CA0342A1EC58900B714D2 /* FeedImageDataLoaderSpy.swift in Sources */,
				77FB19442A27F0C200F8BA78 /* FeedViewController+TestHelpers.swift in Sources */,
				77FB19412A27F0C200F8BA78 /* UIControl+TestHelpers.swift in Sources */,
				777E8BDB2A21900800278897 /* XCTestCase+FeedImageDataLoader.swift in Sources */,
				77FB19292A27C14B00F8BA78 /* SceneDelegateTests.swift in Sources */,
				77AED09D2A1E483900AA4169 /* FeedLoaderWithFallbackCompositeTests.swift in Sources */,
				777E8BD92A218CAD00278897 /* FeedImageDataLoaderCacheDecoratorTests.swift in Sources */,
				772CA0422A21722100B714D2 /* XCTestCase+FeedLoader.swift in Sources */,
				772CA02C2A1E8F7800B714D2 /* FeedImageDataLoaderWithFallbackCompositeTests.swift in Sources */,
				77FB193F2A27F0C200F8BA78 /* FeedImageCell+TestHelpers.swift in Sources */,
				772CA03E2A216F5900B714D2 /* FeedLoaderCacheDecoratorTests.swift in Sources */,
				77FB19462A27F11700F8BA78 /* FeedUIIntegrationTest.swift in Sources */,
				77FB19402A27F0C200F8BA78 /* UIButton+TestHelpers.swift in Sources */,
				77FB19422A27F0C200F8BA78 /* FeedUIIntegrationTest+Localization.swift in Sources */,
				772CA0402A21716700B714D2 /* FeedLoaderStub.swift in Sources */,
				77FB193E2A27F0C200F8BA78 /* UIImage+TestHelpers.swift in Sources */,
			);
			runOnlyForDeploymentPostprocessing = 0;
		};
/* End PBXSourcesBuildPhase section */

/* Begin PBXTargetDependency section */
		7710163F2A24EBEC008F2F27 /* PBXTargetDependency */ = {
			isa = PBXTargetDependency;
			target = 772BE5532A1BEBDA00EEF1B7 /* EssentialApp */;
			targetProxy = 7710163E2A24EBEC008F2F27 /* PBXContainerItemProxy */;
		};
		772C9FED2A1E854E00B714D2 /* PBXTargetDependency */ = {
			isa = PBXTargetDependency;
			target = 772BE5532A1BEBDA00EEF1B7 /* EssentialApp */;
			targetProxy = 772C9FEC2A1E854E00B714D2 /* PBXContainerItemProxy */;
		};
/* End PBXTargetDependency section */

/* Begin PBXVariantGroup section */
		772BE55D2A1BEBDA00EEF1B7 /* Main.storyboard */ = {
			isa = PBXVariantGroup;
			children = (
				772BE55E2A1BEBDA00EEF1B7 /* Base */,
			);
			name = Main.storyboard;
			sourceTree = "<group>";
		};
		772BE5622A1BEBDB00EEF1B7 /* LaunchScreen.storyboard */ = {
			isa = PBXVariantGroup;
			children = (
				772BE5632A1BEBDB00EEF1B7 /* Base */,
			);
			name = LaunchScreen.storyboard;
			sourceTree = "<group>";
		};
/* End PBXVariantGroup section */

/* Begin XCBuildConfiguration section */
		771016412A24EBEC008F2F27 /* Debug */ = {
			isa = XCBuildConfiguration;
			buildSettings = {
				CODE_SIGN_STYLE = Automatic;
				CURRENT_PROJECT_VERSION = 1;
				DEVELOPMENT_TEAM = D3F6RWD56C;
				GENERATE_INFOPLIST_FILE = YES;
				MARKETING_VERSION = 1.0;
				PRODUCT_BUNDLE_IDENTIFIER = "Fardan-Akhter.EssentialAppUIAcceptanceTests";
				PRODUCT_NAME = "$(TARGET_NAME)";
				SWIFT_EMIT_LOC_STRINGS = NO;
				SWIFT_VERSION = 5.0;
				TARGETED_DEVICE_FAMILY = "1,2";
				TEST_TARGET_NAME = EssentialApp;
			};
			name = Debug;
		};
		771016422A24EBEC008F2F27 /* Release */ = {
			isa = XCBuildConfiguration;
			buildSettings = {
				CODE_SIGN_STYLE = Automatic;
				CURRENT_PROJECT_VERSION = 1;
				DEVELOPMENT_TEAM = D3F6RWD56C;
				GENERATE_INFOPLIST_FILE = YES;
				MARKETING_VERSION = 1.0;
				PRODUCT_BUNDLE_IDENTIFIER = "Fardan-Akhter.EssentialAppUIAcceptanceTests";
				PRODUCT_NAME = "$(TARGET_NAME)";
				SWIFT_EMIT_LOC_STRINGS = NO;
				SWIFT_VERSION = 5.0;
				TARGETED_DEVICE_FAMILY = "1,2";
				TEST_TARGET_NAME = EssentialApp;
			};
			name = Release;
		};
		772BE5662A1BEBDB00EEF1B7 /* Debug */ = {
			isa = XCBuildConfiguration;
			buildSettings = {
				ALWAYS_SEARCH_USER_PATHS = NO;
				CLANG_ANALYZER_NONNULL = YES;
				CLANG_ANALYZER_NUMBER_OBJECT_CONVERSION = YES_AGGRESSIVE;
				CLANG_CXX_LANGUAGE_STANDARD = "gnu++20";
				CLANG_ENABLE_MODULES = YES;
				CLANG_ENABLE_OBJC_ARC = YES;
				CLANG_ENABLE_OBJC_WEAK = YES;
				CLANG_WARN_BLOCK_CAPTURE_AUTORELEASING = YES;
				CLANG_WARN_BOOL_CONVERSION = YES;
				CLANG_WARN_COMMA = YES;
				CLANG_WARN_CONSTANT_CONVERSION = YES;
				CLANG_WARN_DEPRECATED_OBJC_IMPLEMENTATIONS = YES;
				CLANG_WARN_DIRECT_OBJC_ISA_USAGE = YES_ERROR;
				CLANG_WARN_DOCUMENTATION_COMMENTS = YES;
				CLANG_WARN_EMPTY_BODY = YES;
				CLANG_WARN_ENUM_CONVERSION = YES;
				CLANG_WARN_INFINITE_RECURSION = YES;
				CLANG_WARN_INT_CONVERSION = YES;
				CLANG_WARN_NON_LITERAL_NULL_CONVERSION = YES;
				CLANG_WARN_OBJC_IMPLICIT_RETAIN_SELF = YES;
				CLANG_WARN_OBJC_LITERAL_CONVERSION = YES;
				CLANG_WARN_OBJC_ROOT_CLASS = YES_ERROR;
				CLANG_WARN_QUOTED_INCLUDE_IN_FRAMEWORK_HEADER = YES;
				CLANG_WARN_RANGE_LOOP_ANALYSIS = YES;
				CLANG_WARN_STRICT_PROTOTYPES = YES;
				CLANG_WARN_SUSPICIOUS_MOVE = YES;
				CLANG_WARN_UNGUARDED_AVAILABILITY = YES_AGGRESSIVE;
				CLANG_WARN_UNREACHABLE_CODE = YES;
				CLANG_WARN__DUPLICATE_METHOD_MATCH = YES;
				COPY_PHASE_STRIP = NO;
				DEBUG_INFORMATION_FORMAT = dwarf;
				ENABLE_STRICT_OBJC_MSGSEND = YES;
				ENABLE_TESTABILITY = YES;
				GCC_C_LANGUAGE_STANDARD = gnu11;
				GCC_DYNAMIC_NO_PIC = NO;
				GCC_NO_COMMON_BLOCKS = YES;
				GCC_OPTIMIZATION_LEVEL = 0;
				GCC_PREPROCESSOR_DEFINITIONS = (
					"DEBUG=1",
					"$(inherited)",
				);
				GCC_WARN_64_TO_32_BIT_CONVERSION = YES;
				GCC_WARN_ABOUT_RETURN_TYPE = YES_ERROR;
				GCC_WARN_UNDECLARED_SELECTOR = YES;
				GCC_WARN_UNINITIALIZED_AUTOS = YES_AGGRESSIVE;
				GCC_WARN_UNUSED_FUNCTION = YES;
				GCC_WARN_UNUSED_VARIABLE = YES;
				IPHONEOS_DEPLOYMENT_TARGET = 16.4;
				MTL_ENABLE_DEBUG_INFO = INCLUDE_SOURCE;
				MTL_FAST_MATH = YES;
				ONLY_ACTIVE_ARCH = YES;
				SDKROOT = iphoneos;
				SWIFT_ACTIVE_COMPILATION_CONDITIONS = DEBUG;
				SWIFT_OPTIMIZATION_LEVEL = "-Onone";
			};
			name = Debug;
		};
		772BE5672A1BEBDB00EEF1B7 /* Release */ = {
			isa = XCBuildConfiguration;
			buildSettings = {
				ALWAYS_SEARCH_USER_PATHS = NO;
				CLANG_ANALYZER_NONNULL = YES;
				CLANG_ANALYZER_NUMBER_OBJECT_CONVERSION = YES_AGGRESSIVE;
				CLANG_CXX_LANGUAGE_STANDARD = "gnu++20";
				CLANG_ENABLE_MODULES = YES;
				CLANG_ENABLE_OBJC_ARC = YES;
				CLANG_ENABLE_OBJC_WEAK = YES;
				CLANG_WARN_BLOCK_CAPTURE_AUTORELEASING = YES;
				CLANG_WARN_BOOL_CONVERSION = YES;
				CLANG_WARN_COMMA = YES;
				CLANG_WARN_CONSTANT_CONVERSION = YES;
				CLANG_WARN_DEPRECATED_OBJC_IMPLEMENTATIONS = YES;
				CLANG_WARN_DIRECT_OBJC_ISA_USAGE = YES_ERROR;
				CLANG_WARN_DOCUMENTATION_COMMENTS = YES;
				CLANG_WARN_EMPTY_BODY = YES;
				CLANG_WARN_ENUM_CONVERSION = YES;
				CLANG_WARN_INFINITE_RECURSION = YES;
				CLANG_WARN_INT_CONVERSION = YES;
				CLANG_WARN_NON_LITERAL_NULL_CONVERSION = YES;
				CLANG_WARN_OBJC_IMPLICIT_RETAIN_SELF = YES;
				CLANG_WARN_OBJC_LITERAL_CONVERSION = YES;
				CLANG_WARN_OBJC_ROOT_CLASS = YES_ERROR;
				CLANG_WARN_QUOTED_INCLUDE_IN_FRAMEWORK_HEADER = YES;
				CLANG_WARN_RANGE_LOOP_ANALYSIS = YES;
				CLANG_WARN_STRICT_PROTOTYPES = YES;
				CLANG_WARN_SUSPICIOUS_MOVE = YES;
				CLANG_WARN_UNGUARDED_AVAILABILITY = YES_AGGRESSIVE;
				CLANG_WARN_UNREACHABLE_CODE = YES;
				CLANG_WARN__DUPLICATE_METHOD_MATCH = YES;
				COPY_PHASE_STRIP = NO;
				DEBUG_INFORMATION_FORMAT = "dwarf-with-dsym";
				ENABLE_NS_ASSERTIONS = NO;
				ENABLE_STRICT_OBJC_MSGSEND = YES;
				GCC_C_LANGUAGE_STANDARD = gnu11;
				GCC_NO_COMMON_BLOCKS = YES;
				GCC_WARN_64_TO_32_BIT_CONVERSION = YES;
				GCC_WARN_ABOUT_RETURN_TYPE = YES_ERROR;
				GCC_WARN_UNDECLARED_SELECTOR = YES;
				GCC_WARN_UNINITIALIZED_AUTOS = YES_AGGRESSIVE;
				GCC_WARN_UNUSED_FUNCTION = YES;
				GCC_WARN_UNUSED_VARIABLE = YES;
				IPHONEOS_DEPLOYMENT_TARGET = 16.4;
				MTL_ENABLE_DEBUG_INFO = NO;
				MTL_FAST_MATH = YES;
				SDKROOT = iphoneos;
				SWIFT_COMPILATION_MODE = wholemodule;
				SWIFT_OPTIMIZATION_LEVEL = "-O";
				VALIDATE_PRODUCT = YES;
			};
			name = Release;
		};
		772BE5692A1BEBDB00EEF1B7 /* Debug */ = {
			isa = XCBuildConfiguration;
			buildSettings = {
				ASSETCATALOG_COMPILER_APPICON_NAME = AppIcon;
				ASSETCATALOG_COMPILER_GLOBAL_ACCENT_COLOR_NAME = AccentColor;
				CODE_SIGN_STYLE = Automatic;
				CURRENT_PROJECT_VERSION = 1;
				DEVELOPMENT_TEAM = D3F6RWD56C;
				GENERATE_INFOPLIST_FILE = YES;
				INFOPLIST_FILE = EssentialApp/Info.plist;
				INFOPLIST_KEY_UIApplicationSupportsIndirectInputEvents = YES;
				INFOPLIST_KEY_UILaunchStoryboardName = LaunchScreen;
				INFOPLIST_KEY_UIMainStoryboardFile = Main;
				INFOPLIST_KEY_UISupportedInterfaceOrientations = UIInterfaceOrientationPortrait;
				INFOPLIST_KEY_UISupportedInterfaceOrientations_iPad = UIInterfaceOrientationLandscapeRight;
				LD_RUNPATH_SEARCH_PATHS = (
					"$(inherited)",
					"@executable_path/Frameworks",
				);
				MARKETING_VERSION = 1.0;
				PRODUCT_BUNDLE_IDENTIFIER = com.fardanakhter.EssentialApp;
				PRODUCT_NAME = "$(TARGET_NAME)";
				SUPPORTED_PLATFORMS = "iphoneos iphonesimulator";
				SUPPORTS_MACCATALYST = NO;
				SUPPORTS_MAC_DESIGNED_FOR_IPHONE_IPAD = NO;
				SWIFT_EMIT_LOC_STRINGS = YES;
				SWIFT_VERSION = 5.0;
				TARGETED_DEVICE_FAMILY = 1;
			};
			name = Debug;
		};
		772BE56A2A1BEBDB00EEF1B7 /* Release */ = {
			isa = XCBuildConfiguration;
			buildSettings = {
				ASSETCATALOG_COMPILER_APPICON_NAME = AppIcon;
				ASSETCATALOG_COMPILER_GLOBAL_ACCENT_COLOR_NAME = AccentColor;
				CODE_SIGN_STYLE = Automatic;
				CURRENT_PROJECT_VERSION = 1;
				DEVELOPMENT_TEAM = D3F6RWD56C;
				GENERATE_INFOPLIST_FILE = YES;
				INFOPLIST_FILE = EssentialApp/Info.plist;
				INFOPLIST_KEY_UIApplicationSupportsIndirectInputEvents = YES;
				INFOPLIST_KEY_UILaunchStoryboardName = LaunchScreen;
				INFOPLIST_KEY_UIMainStoryboardFile = Main;
				INFOPLIST_KEY_UISupportedInterfaceOrientations = UIInterfaceOrientationPortrait;
				INFOPLIST_KEY_UISupportedInterfaceOrientations_iPad = UIInterfaceOrientationLandscapeRight;
				LD_RUNPATH_SEARCH_PATHS = (
					"$(inherited)",
					"@executable_path/Frameworks",
				);
				MARKETING_VERSION = 1.0;
				PRODUCT_BUNDLE_IDENTIFIER = com.fardanakhter.EssentialApp;
				PRODUCT_NAME = "$(TARGET_NAME)";
				SUPPORTED_PLATFORMS = "iphoneos iphonesimulator";
				SUPPORTS_MACCATALYST = NO;
				SUPPORTS_MAC_DESIGNED_FOR_IPHONE_IPAD = NO;
				SWIFT_EMIT_LOC_STRINGS = YES;
				SWIFT_VERSION = 5.0;
				TARGETED_DEVICE_FAMILY = 1;
			};
			name = Release;
		};
		77AED0992A1E47D600AA4169 /* Debug */ = {
			isa = XCBuildConfiguration;
			buildSettings = {
				BUNDLE_LOADER = "$(TEST_HOST)";
				CODE_SIGN_STYLE = Automatic;
				CURRENT_PROJECT_VERSION = 1;
				DEVELOPMENT_TEAM = D3F6RWD56C;
				GENERATE_INFOPLIST_FILE = YES;
				MACOSX_DEPLOYMENT_TARGET = 13.3;
				MARKETING_VERSION = 1.0;
				PRODUCT_BUNDLE_IDENTIFIER = "Fardan-Akhter.EssentialAppTests";
				PRODUCT_NAME = "$(TARGET_NAME)";
				SDKROOT = macosx;
				SUPPORTED_PLATFORMS = "iphoneos iphonesimulator";
				SUPPORTS_MACCATALYST = NO;
				SUPPORTS_MAC_DESIGNED_FOR_IPHONE_IPAD = NO;
				SWIFT_EMIT_LOC_STRINGS = NO;
				SWIFT_VERSION = 5.0;
				TARGETED_DEVICE_FAMILY = 1;
				TEST_HOST = "$(BUILT_PRODUCTS_DIR)/EssentialApp.app/$(BUNDLE_EXECUTABLE_FOLDER_PATH)/EssentialApp";
			};
			name = Debug;
		};
		77AED09A2A1E47D600AA4169 /* Release */ = {
			isa = XCBuildConfiguration;
			buildSettings = {
				BUNDLE_LOADER = "$(TEST_HOST)";
				CODE_SIGN_STYLE = Automatic;
				CURRENT_PROJECT_VERSION = 1;
				DEVELOPMENT_TEAM = D3F6RWD56C;
				GENERATE_INFOPLIST_FILE = YES;
				MACOSX_DEPLOYMENT_TARGET = 13.3;
				MARKETING_VERSION = 1.0;
				PRODUCT_BUNDLE_IDENTIFIER = "Fardan-Akhter.EssentialAppTests";
				PRODUCT_NAME = "$(TARGET_NAME)";
				SDKROOT = macosx;
				SUPPORTED_PLATFORMS = "iphoneos iphonesimulator";
				SUPPORTS_MACCATALYST = NO;
				SUPPORTS_MAC_DESIGNED_FOR_IPHONE_IPAD = NO;
				SWIFT_EMIT_LOC_STRINGS = NO;
				SWIFT_VERSION = 5.0;
				TARGETED_DEVICE_FAMILY = 1;
				TEST_HOST = "$(BUILT_PRODUCTS_DIR)/EssentialApp.app/$(BUNDLE_EXECUTABLE_FOLDER_PATH)/EssentialApp";
			};
			name = Release;
		};
/* End XCBuildConfiguration section */

/* Begin XCConfigurationList section */
		771016402A24EBEC008F2F27 /* Build configuration list for PBXNativeTarget "EssentialAppUIAcceptanceTests" */ = {
			isa = XCConfigurationList;
			buildConfigurations = (
				771016412A24EBEC008F2F27 /* Debug */,
				771016422A24EBEC008F2F27 /* Release */,
			);
			defaultConfigurationIsVisible = 0;
			defaultConfigurationName = Release;
		};
		772BE54F2A1BEBDA00EEF1B7 /* Build configuration list for PBXProject "EssentialApp" */ = {
			isa = XCConfigurationList;
			buildConfigurations = (
				772BE5662A1BEBDB00EEF1B7 /* Debug */,
				772BE5672A1BEBDB00EEF1B7 /* Release */,
			);
			defaultConfigurationIsVisible = 0;
			defaultConfigurationName = Release;
		};
		772BE5682A1BEBDB00EEF1B7 /* Build configuration list for PBXNativeTarget "EssentialApp" */ = {
			isa = XCConfigurationList;
			buildConfigurations = (
				772BE5692A1BEBDB00EEF1B7 /* Debug */,
				772BE56A2A1BEBDB00EEF1B7 /* Release */,
			);
			defaultConfigurationIsVisible = 0;
			defaultConfigurationName = Release;
		};
		77AED09B2A1E47D600AA4169 /* Build configuration list for PBXNativeTarget "EssentialAppTests" */ = {
			isa = XCConfigurationList;
			buildConfigurations = (
				77AED0992A1E47D600AA4169 /* Debug */,
				77AED09A2A1E47D600AA4169 /* Release */,
			);
			defaultConfigurationIsVisible = 0;
			defaultConfigurationName = Release;
		};
/* End XCConfigurationList section */
	};
	rootObject = 772BE54C2A1BEBDA00EEF1B7 /* Project object */;
}
